# THIS IS AN AUTOGENERATED FILE. DO NOT EDIT THIS FILE DIRECTLY.
# yarn lockfile v1


bs-platform@^5.0.6:
  version "5.0.6"
  resolved "https://registry.yarnpkg.com/bs-platform/-/bs-platform-5.0.6.tgz#88c13041fb020479800de3d82c680bf971091425"
  integrity sha512-6Boa2VEcWJp2WJr38L7bp3J929nYha7gDarjxb070jWzgfPJ/WbzjipmSfnu2eqqk1MfjEIpBipbPz6n1NISwA==

react-native-device-info@^2.3.2:
  version "2.3.2"
  resolved "https://registry.yarnpkg.com/react-native-device-info/-/react-native-device-info-2.3.2.tgz#db2b8f135aaf2515583e367ab791dcc7d2f0d14c"
  integrity sha512-ccpPuUbwhw5uYdVwN1UJp6ykMZz6U/u82HNM3oJ7O6MP8RIMlMDkHbqR4O0sDtUSuRMGiqqRzFtmOLFYeQ0ODw==
